{
  "version": 4,
  "terraform_version": "1.3.6",
  "serial": 57,
  "lineage": "e431806c-4578-f743-93fc-d423f0afc0ce",
  "outputs": {
    "app_name": {
      "value": "123-LFA",
      "type": "string"
    },
    "server_name": {
      "value": "123-sqlsvr",
      "type": "string"
    }
  },
  "resources": [
    {
      "mode": "data",
      "type": "azuread_service_principal",
      "name": "app_sp",
      "provider": "provider[\"registry.terraform.io/hashicorp/azuread\"]",
      "instances": [
        {
          "schema_version": 0,
          "attributes": {
            "account_enabled": true,
            "alternative_names": [
              "isExplicit=False",
              "/subscriptions/f35d5f92-e987-44cf-b0ab-62b6c2f46094/resourcegroups/rgsmstst20/providers/Microsoft.Web/sites/123-LFA"
            ],
            "app_role_assignment_required": false,
            "app_role_ids": {},
            "app_roles": [],
            "application_id": "293f41f7-68ad-428f-ac1a-cdbf0ab9ad4a",
            "application_tenant_id": "",
            "description": "",
            "display_name": "123-LFA",
            "feature_tags": [
              {
                "custom_single_sign_on": false,
                "enterprise": false,
                "gallery": false,
                "hide": false
              }
            ],
            "features": [
              {
                "custom_single_sign_on_app": false,
                "enterprise_application": false,
                "gallery_application": false,
                "visible_to_users": true
              }
            ],
            "homepage_url": "",
            "id": "f8cbf78d-ba94-4192-acc6-0161f2c08c6e",
            "login_url": "",
            "logout_url": "",
            "notes": "",
            "notification_email_addresses": [],
            "oauth2_permission_scope_ids": {},
            "oauth2_permission_scopes": [],
            "object_id": "f8cbf78d-ba94-4192-acc6-0161f2c08c6e",
            "preferred_single_sign_on_mode": "",
            "redirect_uris": [],
            "saml_metadata_url": "",
            "saml_single_sign_on": [],
            "service_principal_names": [
              "https://identity.azure.net/LNG0jW/SvYckXtxDsegxAvOwaSkp8qqpEk5HGSMHdhs="
            ],
            "sign_in_audience": "",
            "tags": [],
            "timeouts": null,
            "type": "ManagedIdentity"
          },
          "sensitive_attributes": []
        }
      ]
    },
    {
      "mode": "data",
      "type": "azurerm_client_config",
      "name": "current",
      "provider": "provider[\"registry.terraform.io/hashicorp/azurerm\"]",
      "instances": [
        {
          "schema_version": 0,
          "attributes": {
            "client_id": "04b07795-8ddb-461a-bbee-02f9e1bf7b46",
            "id": "Y2xpZW50Q29uZmlncy9jbGllbnRJZD0wNGIwNzc5NS04ZGRiLTQ2MWEtYmJlZS0wMmY5ZTFiZjdiNDY7b2JqZWN0SWQ9M2FjZGQ0YjUtMWUzYi00OTBhLTliNzQtMjE2MzRkMjE0YjRhO3N1YnNjcmlwdGlvbklkPWYzNWQ1ZjkyLWU5ODctNDRjZi1iMGFiLTYyYjZjMmY0NjA5NDt0ZW5hbnRJZD0zYTgxMjY5Zi0wNzMxLTQyZDctOTkxMS1hOGU5MjAyZmE3NTA=",
            "object_id": "3acdd4b5-1e3b-490a-9b74-21634d214b4a",
            "subscription_id": "f35d5f92-e987-44cf-b0ab-62b6c2f46094",
            "tenant_id": "3a81269f-0731-42d7-9911-a8e9202fa750",
            "timeouts": null
          },
          "sensitive_attributes": []
        }
      ]
    },
    {
      "mode": "managed",
      "type": "azurerm_application_insights",
      "name": "example",
      "provider": "provider[\"registry.terraform.io/hashicorp/azurerm\"]",
      "instances": [
        {
          "schema_version": 1,
          "attributes": {
            "app_id": "1061b3b2-cfec-4dd2-b489-83691022dbad",
            "application_type": "web",
            "connection_string": "InstrumentationKey=d9b0c8cf-c61c-46b0-b9b8-8d522828a824;IngestionEndpoint=https://westeurope-3.in.applicationinsights.azure.com/;LiveEndpoint=https://westeurope.livediagnostics.monitor.azure.com/",
            "daily_data_cap_in_gb": 100,
            "daily_data_cap_notifications_disabled": false,
            "disable_ip_masking": false,
            "force_customer_storage_for_profiler": false,
            "id": "/subscriptions/f35d5f92-e987-44cf-b0ab-62b6c2f46094/resourceGroups/rgsmstst20/providers/Microsoft.Insights/components/123-appinsights",
            "instrumentation_key": "d9b0c8cf-c61c-46b0-b9b8-8d522828a824",
            "internet_ingestion_enabled": true,
            "internet_query_enabled": true,
            "local_authentication_disabled": false,
            "location": "westeurope",
            "name": "123-appinsights",
            "resource_group_name": "rgsmstst20",
            "retention_in_days": 90,
            "sampling_percentage": 100,
            "tags": {},
            "timeouts": null,
            "workspace_id": ""
          },
          "sensitive_attributes": [],
          "private": "eyJlMmJmYjczMC1lY2FhLTExZTYtOGY4OC0zNDM2M2JjN2M0YzAiOnsiY3JlYXRlIjozNjAwMDAwMDAwMDAwLCJkZWxldGUiOjE4MDAwMDAwMDAwMDAsInJlYWQiOjMwMDAwMDAwMDAwMCwidXBkYXRlIjoxODAwMDAwMDAwMDAwfSwic2NoZW1hX3ZlcnNpb24iOiIxIn0="
        }
      ]
    },
    {
      "mode": "managed",
      "type": "azurerm_key_vault",
      "name": "example",
      "provider": "provider[\"registry.terraform.io/hashicorp/azurerm\"]",
      "instances": [
        {
          "schema_version": 2,
          "attributes": {
            "access_policy": [
              {
                "application_id": "",
                "certificate_permissions": [],
                "key_permissions": [],
                "object_id": "3acdd4b5-1e3b-490a-9b74-21634d214b4a",
                "secret_permissions": [
                  "Get",
                  "List",
                  "Set",
                  "Delete"
                ],
                "storage_permissions": [],
                "tenant_id": "3a81269f-0731-42d7-9911-a8e9202fa750"
              },
              {
                "application_id": "",
                "certificate_permissions": [],
                "key_permissions": [],
                "object_id": "f8cbf78d-ba94-4192-acc6-0161f2c08c6e",
                "secret_permissions": [
                  "Get",
                  "List"
                ],
                "storage_permissions": [],
                "tenant_id": "3a81269f-0731-42d7-9911-a8e9202fa750"
              }
            ],
            "contact": [],
            "enable_rbac_authorization": false,
            "enabled_for_deployment": false,
            "enabled_for_disk_encryption": true,
            "enabled_for_template_deployment": false,
            "id": "/subscriptions/f35d5f92-e987-44cf-b0ab-62b6c2f46094/resourceGroups/rgsmstst20/providers/Microsoft.KeyVault/vaults/demo123akv",
            "location": "westeurope",
            "name": "demo123akv",
            "network_acls": [
              {
                "bypass": "AzureServices",
                "default_action": "Allow",
                "ip_rules": [],
                "virtual_network_subnet_ids": []
              }
            ],
            "public_network_access_enabled": true,
            "purge_protection_enabled": false,
            "resource_group_name": "rgsmstst20",
            "sku_name": "standard",
            "soft_delete_retention_days": 7,
            "tags": {},
            "tenant_id": "3a81269f-0731-42d7-9911-a8e9202fa750",
            "timeouts": null,
            "vault_uri": "https://demo123akv.vault.azure.net/"
          },
          "sensitive_attributes": [],
          "private": "eyJlMmJmYjczMC1lY2FhLTExZTYtOGY4OC0zNDM2M2JjN2M0YzAiOnsiY3JlYXRlIjoxODAwMDAwMDAwMDAwLCJkZWxldGUiOjE4MDAwMDAwMDAwMDAsInJlYWQiOjMwMDAwMDAwMDAwMCwidXBkYXRlIjoxODAwMDAwMDAwMDAwfSwic2NoZW1hX3ZlcnNpb24iOiIyIn0=",
          "dependencies": [
            "data.azurerm_client_config.current"
          ]
        }
      ]
    },
    {
      "mode": "managed",
      "type": "azurerm_key_vault_access_policy",
      "name": "example",
      "provider": "provider[\"registry.terraform.io/hashicorp/azurerm\"]",
      "instances": [
        {
          "schema_version": 0,
          "attributes": {
            "application_id": "",
            "certificate_permissions": [],
            "id": "/subscriptions/f35d5f92-e987-44cf-b0ab-62b6c2f46094/resourceGroups/rgsmstst20/providers/Microsoft.KeyVault/vaults/demo123akv/objectId/3acdd4b5-1e3b-490a-9b74-21634d214b4a",
            "key_permissions": [],
            "key_vault_id": "/subscriptions/f35d5f92-e987-44cf-b0ab-62b6c2f46094/resourceGroups/rgsmstst20/providers/Microsoft.KeyVault/vaults/demo123akv",
            "object_id": "3acdd4b5-1e3b-490a-9b74-21634d214b4a",
            "secret_permissions": [
              "Get",
              "List",
              "Set",
              "Delete"
            ],
            "storage_permissions": [],
            "tenant_id": "3a81269f-0731-42d7-9911-a8e9202fa750",
            "timeouts": null
          },
          "sensitive_attributes": [],
          "private": "eyJlMmJmYjczMC1lY2FhLTExZTYtOGY4OC0zNDM2M2JjN2M0YzAiOnsiY3JlYXRlIjoxODAwMDAwMDAwMDAwLCJkZWxldGUiOjE4MDAwMDAwMDAwMDAsInJlYWQiOjMwMDAwMDAwMDAwMCwidXBkYXRlIjoxODAwMDAwMDAwMDAwfX0=",
          "dependencies": [
            "azurerm_key_vault.example",
            "data.azurerm_client_config.current"
          ]
        }
      ]
    },
    {
      "mode": "managed",
      "type": "azurerm_key_vault_access_policy",
      "name": "kv_read_access_policy",
      "provider": "provider[\"registry.terraform.io/hashicorp/azurerm\"]",
      "instances": [
        {
          "schema_version": 0,
          "attributes": {
            "application_id": "",
            "certificate_permissions": [],
            "id": "/subscriptions/f35d5f92-e987-44cf-b0ab-62b6c2f46094/resourceGroups/rgsmstst20/providers/Microsoft.KeyVault/vaults/demo123akv/objectId/f8cbf78d-ba94-4192-acc6-0161f2c08c6e",
            "key_permissions": [],
            "key_vault_id": "/subscriptions/f35d5f92-e987-44cf-b0ab-62b6c2f46094/resourceGroups/rgsmstst20/providers/Microsoft.KeyVault/vaults/demo123akv",
            "object_id": "f8cbf78d-ba94-4192-acc6-0161f2c08c6e",
            "secret_permissions": [
              "Get",
              "List"
            ],
            "storage_permissions": [],
            "tenant_id": "3a81269f-0731-42d7-9911-a8e9202fa750",
            "timeouts": null
          },
          "sensitive_attributes": [],
          "private": "eyJlMmJmYjczMC1lY2FhLTExZTYtOGY4OC0zNDM2M2JjN2M0YzAiOnsiY3JlYXRlIjoxODAwMDAwMDAwMDAwLCJkZWxldGUiOjE4MDAwMDAwMDAwMDAsInJlYWQiOjMwMDAwMDAwMDAwMCwidXBkYXRlIjoxODAwMDAwMDAwMDAwfX0=",
          "dependencies": [
            "azurerm_application_insights.example",
            "azurerm_key_vault.example",
            "azurerm_linux_function_app.example",
            "azurerm_mssql_database.example",
            "azurerm_mssql_server.example",
            "azurerm_service_plan.example",
            "azurerm_storage_account.example",
            "data.azuread_service_principal.app_sp",
            "data.azurerm_client_config.current"
          ]
        }
      ]
    },
    {
      "mode": "managed",
      "type": "azurerm_key_vault_secret",
      "name": "dbpass",
      "provider": "provider[\"registry.terraform.io/hashicorp/azurerm\"]",
      "instances": [
        {
          "schema_version": 0,
          "attributes": {
            "content_type": "",
            "expiration_date": null,
            "id": "https://demo123akv.vault.azure.net/secrets/dbpass/0763d8c04d154ded929e812ce340d3de",
            "key_vault_id": "/subscriptions/f35d5f92-e987-44cf-b0ab-62b6c2f46094/resourceGroups/rgsmstst20/providers/Microsoft.KeyVault/vaults/demo123akv",
            "name": "dbpass",
            "not_before_date": null,
            "resource_id": "/subscriptions/f35d5f92-e987-44cf-b0ab-62b6c2f46094/resourceGroups/rgsmstst20/providers/Microsoft.KeyVault/vaults/demo123akv/secrets/dbpass/versions/0763d8c04d154ded929e812ce340d3de",
            "resource_versionless_id": "/subscriptions/f35d5f92-e987-44cf-b0ab-62b6c2f46094/resourceGroups/rgsmstst20/providers/Microsoft.KeyVault/vaults/demo123akv/secrets/dbpass",
            "tags": {},
            "timeouts": null,
            "value": "Passw0rd1!123",
            "version": "0763d8c04d154ded929e812ce340d3de",
            "versionless_id": "https://demo123akv.vault.azure.net/secrets/dbpass"
          },
          "sensitive_attributes": [],
          "private": "eyJlMmJmYjczMC1lY2FhLTExZTYtOGY4OC0zNDM2M2JjN2M0YzAiOnsiY3JlYXRlIjoxODAwMDAwMDAwMDAwLCJkZWxldGUiOjE4MDAwMDAwMDAwMDAsInJlYWQiOjE4MDAwMDAwMDAwMDAsInVwZGF0ZSI6MTgwMDAwMDAwMDAwMH19",
          "dependencies": [
            "azurerm_key_vault.example",
            "data.azurerm_client_config.current"
          ]
        }
      ]
    },
    {
      "mode": "managed",
      "type": "azurerm_key_vault_secret",
      "name": "dbuser",
      "provider": "provider[\"registry.terraform.io/hashicorp/azurerm\"]",
      "instances": [
        {
          "schema_version": 0,
          "attributes": {
            "content_type": "",
            "expiration_date": null,
            "id": "https://demo123akv.vault.azure.net/secrets/dbuser/cd858c4b12a640df89c21337f056713f",
            "key_vault_id": "/subscriptions/f35d5f92-e987-44cf-b0ab-62b6c2f46094/resourceGroups/rgsmstst20/providers/Microsoft.KeyVault/vaults/demo123akv",
            "name": "dbuser",
            "not_before_date": null,
            "resource_id": "/subscriptions/f35d5f92-e987-44cf-b0ab-62b6c2f46094/resourceGroups/rgsmstst20/providers/Microsoft.KeyVault/vaults/demo123akv/secrets/dbuser/versions/cd858c4b12a640df89c21337f056713f",
            "resource_versionless_id": "/subscriptions/f35d5f92-e987-44cf-b0ab-62b6c2f46094/resourceGroups/rgsmstst20/providers/Microsoft.KeyVault/vaults/demo123akv/secrets/dbuser",
            "tags": {},
            "timeouts": null,
            "value": "demoadmin",
            "version": "cd858c4b12a640df89c21337f056713f",
            "versionless_id": "https://demo123akv.vault.azure.net/secrets/dbuser"
          },
          "sensitive_attributes": [],
          "private": "eyJlMmJmYjczMC1lY2FhLTExZTYtOGY4OC0zNDM2M2JjN2M0YzAiOnsiY3JlYXRlIjoxODAwMDAwMDAwMDAwLCJkZWxldGUiOjE4MDAwMDAwMDAwMDAsInJlYWQiOjE4MDAwMDAwMDAwMDAsInVwZGF0ZSI6MTgwMDAwMDAwMDAwMH19",
          "dependencies": [
            "azurerm_key_vault.example",
            "data.azurerm_client_config.current"
          ]
        }
      ]
    },
    {
      "mode": "managed",
      "type": "azurerm_linux_function_app",
      "name": "example",
      "provider": "provider[\"registry.terraform.io/hashicorp/azurerm\"]",
      "instances": [
        {
          "schema_version": 0,
          "attributes": {
            "app_settings": {
              "db_database": "tododb",
              "db_password": "@Microsoft.KeyVault(VaultName=demo123akv;SecretName=dbpass)",
              "db_server": "123-sqlsvr.database.windows.net",
              "db_user": "@Microsoft.KeyVault(VaultName=demo123akv;SecretName=dbuser)"
            },
            "auth_settings": [
              {
                "active_directory": [],
                "additional_login_parameters": {},
                "allowed_external_redirect_urls": [],
                "default_provider": "",
                "enabled": true,
                "facebook": [],
                "github": [],
                "google": [],
                "issuer": "",
                "microsoft": [],
                "runtime_version": "",
                "token_refresh_extension_hours": 0,
                "token_store_enabled": false,
                "twitter": [],
                "unauthenticated_client_action": "RedirectToLoginPage"
              }
            ],
            "backup": [],
            "builtin_logging_enabled": true,
            "client_certificate_enabled": false,
            "client_certificate_exclusion_paths": "",
            "client_certificate_mode": "Optional",
            "connection_string": [],
            "content_share_force_disabled": false,
            "custom_domain_verification_id": "27D8BC46C750CAA09F96EF26B77CD6AC8200646A87D94967D4B97B629CD19395",
            "daily_memory_time_quota": 0,
            "default_hostname": "123-lfa.azurewebsites.net",
            "enabled": true,
            "functions_extension_version": "~4",
            "https_only": false,
            "id": "/subscriptions/f35d5f92-e987-44cf-b0ab-62b6c2f46094/resourceGroups/rgsmstst20/providers/Microsoft.Web/sites/123-LFA",
            "identity": [
              {
                "identity_ids": [],
                "principal_id": "f8cbf78d-ba94-4192-acc6-0161f2c08c6e",
                "tenant_id": "3a81269f-0731-42d7-9911-a8e9202fa750",
                "type": "SystemAssigned"
              }
            ],
            "key_vault_reference_identity_id": "SystemAssigned",
            "kind": "functionapp,linux",
            "location": "westeurope",
            "name": "123-LFA",
            "outbound_ip_address_list": [
              "20.76.178.227",
              "20.76.179.12",
              "20.76.179.33",
              "20.76.179.89",
              "20.76.179.194",
              "20.76.179.229",
              "20.50.2.60"
            ],
            "outbound_ip_addresses": "20.76.178.227,20.76.179.12,20.76.179.33,20.76.179.89,20.76.179.194,20.76.179.229,20.50.2.60",
            "possible_outbound_ip_address_list": [
              "20.76.178.227",
              "20.76.179.12",
              "20.76.179.33",
              "20.76.179.89",
              "20.76.179.194",
              "20.76.179.229",
              "20.76.176.247",
              "20.76.179.230",
              "20.76.179.239",
              "20.76.179.250",
              "20.76.179.253",
              "20.76.180.16",
              "20.76.180.18",
              "20.76.180.27",
              "20.76.180.29",
              "20.76.180.30",
              "20.76.180.66",
              "20.82.72.29",
              "20.82.26.76",
              "20.82.26.95",
              "20.82.26.125",
              "20.82.26.189",
              "20.82.26.197",
              "20.82.27.23",
              "20.50.2.60"
            ],
            "possible_outbound_ip_addresses": "20.76.178.227,20.76.179.12,20.76.179.33,20.76.179.89,20.76.179.194,20.76.179.229,20.76.176.247,20.76.179.230,20.76.179.239,20.76.179.250,20.76.179.253,20.76.180.16,20.76.180.18,20.76.180.27,20.76.180.29,20.76.180.30,20.76.180.66,20.82.72.29,20.82.26.76,20.82.26.95,20.82.26.125,20.82.26.189,20.82.26.197,20.82.27.23,20.50.2.60",
            "resource_group_name": "rgsmstst20",
            "service_plan_id": "/subscriptions/f35d5f92-e987-44cf-b0ab-62b6c2f46094/resourceGroups/rgsmstst20/providers/Microsoft.Web/serverfarms/123-sp",
            "site_config": [
              {
                "always_on": false,
                "api_definition_url": "",
                "api_management_api_id": "",
                "app_command_line": "",
                "app_scale_limit": 200,
                "app_service_logs": [],
                "application_insights_connection_string": "InstrumentationKey=d9b0c8cf-c61c-46b0-b9b8-8d522828a824;IngestionEndpoint=https://westeurope-3.in.applicationinsights.azure.com/;LiveEndpoint=https://westeurope.livediagnostics.monitor.azure.com/",
                "application_insights_key": "",
                "application_stack": [
                  {
                    "docker": [],
                    "dotnet_version": "",
                    "java_version": "",
                    "node_version": "18",
                    "powershell_core_version": "",
                    "python_version": "",
                    "use_custom_runtime": false,
                    "use_dotnet_isolated_runtime": false
                  }
                ],
                "container_registry_managed_identity_client_id": "",
                "container_registry_use_managed_identity": false,
                "cors": [],
                "default_documents": [
                  "Default.htm",
                  "Default.html",
                  "Default.asp",
                  "index.htm",
                  "index.html",
                  "iisstart.htm",
                  "default.aspx",
                  "index.php"
                ],
                "detailed_error_logging_enabled": false,
                "elastic_instance_minimum": 0,
                "ftps_state": "Disabled",
                "health_check_eviction_time_in_min": 0,
                "health_check_path": "",
                "http2_enabled": false,
                "ip_restriction": [],
                "linux_fx_version": "NODE|18",
                "load_balancing_mode": "LeastRequests",
                "managed_pipeline_mode": "Integrated",
                "minimum_tls_version": "1.2",
                "pre_warmed_instance_count": 0,
                "remote_debugging_enabled": false,
                "remote_debugging_version": "VS2019",
                "runtime_scale_monitoring_enabled": false,
                "scm_ip_restriction": [],
                "scm_minimum_tls_version": "1.2",
                "scm_type": "None",
                "scm_use_main_ip_restriction": false,
                "use_32_bit_worker": false,
                "vnet_route_all_enabled": false,
                "websockets_enabled": false,
                "worker_count": 1
              }
            ],
            "site_credential": [
              {
                "name": "$123-LFA",
                "password": "h42ptoda3T2jFafWvD5advKdhZRp8jdYczGaCFu8mgpYhFtaMJ41zsYxFfNi"
              }
            ],
            "sticky_settings": [],
            "storage_account": [],
            "storage_account_access_key": "FLn5VANjtAfjNzqRL//DjLPfO6v8iSOzwZ7hIt9yGsuKrxYdwjk04OqOSjFotIBw4qsY8htNksbd+AStO4rUgg==",
            "storage_account_name": "123storageacct",
            "storage_key_vault_secret_id": "",
            "storage_uses_managed_identity": false,
            "tags": {},
            "timeouts": null,
            "virtual_network_subnet_id": ""
          },
          "sensitive_attributes": [
            [
              {
                "type": "get_attr",
                "value": "site_config"
              },
              {
                "type": "index",
                "value": {
                  "value": 0,
                  "type": "number"
                }
              },
              {
                "type": "get_attr",
                "value": "application_insights_connection_string"
              }
            ],
            [
              {
                "type": "get_attr",
                "value": "storage_account_access_key"
              }
            ]
          ],
          "private": "eyJlMmJmYjczMC1lY2FhLTExZTYtOGY4OC0zNDM2M2JjN2M0YzAiOnsiY3JlYXRlIjoxODAwMDAwMDAwMDAwLCJkZWxldGUiOjE4MDAwMDAwMDAwMDAsInJlYWQiOjMwMDAwMDAwMDAwMCwidXBkYXRlIjoxODAwMDAwMDAwMDAwfX0=",
          "dependencies": [
            "azurerm_application_insights.example",
            "azurerm_key_vault.example",
            "azurerm_mssql_database.example",
            "azurerm_mssql_server.example",
            "azurerm_service_plan.example",
            "azurerm_storage_account.example",
            "data.azurerm_client_config.current"
          ]
        }
      ]
    },
    {
      "mode": "managed",
      "type": "azurerm_mssql_database",
      "name": "example",
      "provider": "provider[\"registry.terraform.io/hashicorp/azurerm\"]",
      "instances": [
        {
          "schema_version": 1,
          "attributes": {
            "auto_pause_delay_in_minutes": 60,
            "collation": "SQL_Latin1_General_CP1_CI_AS",
            "create_mode": "Default",
            "creation_source_database_id": null,
            "elastic_pool_id": "",
            "geo_backup_enabled": true,
            "id": "/subscriptions/f35d5f92-e987-44cf-b0ab-62b6c2f46094/resourceGroups/rgsmstst20/providers/Microsoft.Sql/servers/123-sqlsvr/databases/tododb",
            "import": [],
            "ledger_enabled": false,
            "license_type": "",
            "long_term_retention_policy": [
              {
                "monthly_retention": "PT0S",
                "week_of_year": 1,
                "weekly_retention": "PT0S",
                "yearly_retention": "PT0S"
              }
            ],
            "maintenance_configuration_name": "SQL_Default",
            "max_size_gb": 1,
            "min_capacity": 0.5,
            "name": "tododb",
            "read_replica_count": 0,
            "read_scale": false,
            "recover_database_id": null,
            "restore_dropped_database_id": null,
            "restore_point_in_time": null,
            "sample_name": null,
            "server_id": "/subscriptions/f35d5f92-e987-44cf-b0ab-62b6c2f46094/resourceGroups/rgsmstst20/providers/Microsoft.Sql/servers/123-sqlsvr",
            "short_term_retention_policy": [
              {
                "backup_interval_in_hours": 12,
                "retention_days": 7
              }
            ],
            "sku_name": "GP_S_Gen5_1",
            "storage_account_type": "Geo",
            "tags": {},
            "threat_detection_policy": [
              {
                "disabled_alerts": [],
                "email_account_admins": "Disabled",
                "email_addresses": [],
                "retention_days": 0,
                "state": "Disabled",
                "storage_account_access_key": "",
                "storage_endpoint": ""
              }
            ],
            "timeouts": null,
            "transparent_data_encryption_enabled": true,
            "zone_redundant": false
          },
          "sensitive_attributes": [],
          "private": "eyJlMmJmYjczMC1lY2FhLTExZTYtOGY4OC0zNDM2M2JjN2M0YzAiOnsiY3JlYXRlIjozNjAwMDAwMDAwMDAwLCJkZWxldGUiOjM2MDAwMDAwMDAwMDAsInJlYWQiOjMwMDAwMDAwMDAwMCwidXBkYXRlIjozNjAwMDAwMDAwMDAwfSwic2NoZW1hX3ZlcnNpb24iOiIxIn0=",
          "dependencies": [
            "azurerm_mssql_server.example"
          ]
        }
      ]
    },
    {
      "mode": "managed",
      "type": "azurerm_mssql_firewall_rule",
      "name": "example",
      "provider": "provider[\"registry.terraform.io/hashicorp/azurerm\"]",
      "instances": [
        {
          "schema_version": 0,
          "attributes": {
            "end_ip_address": "0.0.0.0",
            "id": "/subscriptions/f35d5f92-e987-44cf-b0ab-62b6c2f46094/resourceGroups/rgsmstst20/providers/Microsoft.Sql/servers/123-sqlsvr/firewallRules/allow-azure-services",
            "name": "allow-azure-services",
            "server_id": "/subscriptions/f35d5f92-e987-44cf-b0ab-62b6c2f46094/resourceGroups/rgsmstst20/providers/Microsoft.Sql/servers/123-sqlsvr",
            "start_ip_address": "0.0.0.0",
            "timeouts": null
          },
          "sensitive_attributes": [],
          "private": "eyJlMmJmYjczMC1lY2FhLTExZTYtOGY4OC0zNDM2M2JjN2M0YzAiOnsiY3JlYXRlIjoxODAwMDAwMDAwMDAwLCJkZWxldGUiOjE4MDAwMDAwMDAwMDAsInJlYWQiOjMwMDAwMDAwMDAwMCwidXBkYXRlIjoxODAwMDAwMDAwMDAwfX0=",
          "dependencies": [
            "azurerm_mssql_server.example"
          ]
        }
      ]
    },
    {
      "mode": "managed",
      "type": "azurerm_mssql_server",
      "name": "example",
      "provider": "provider[\"registry.terraform.io/hashicorp/azurerm\"]",
      "instances": [
        {
          "schema_version": 0,
          "attributes": {
            "administrator_login": "demoadmin",
            "administrator_login_password": "Passw0rd1!123",
            "azuread_administrator": [],
            "connection_policy": "Default",
            "fully_qualified_domain_name": "123-sqlsvr.database.windows.net",
            "id": "/subscriptions/f35d5f92-e987-44cf-b0ab-62b6c2f46094/resourceGroups/rgsmstst20/providers/Microsoft.Sql/servers/123-sqlsvr",
            "identity": [],
            "location": "westeurope",
            "minimum_tls_version": "1.2",
            "name": "123-sqlsvr",
            "outbound_network_restriction_enabled": false,
            "primary_user_assigned_identity_id": "",
            "public_network_access_enabled": true,
            "resource_group_name": "rgsmstst20",
            "restorable_dropped_database_ids": [],
            "tags": {},
            "timeouts": null,
            "version": "12.0"
          },
          "sensitive_attributes": [],
          "private": "eyJlMmJmYjczMC1lY2FhLTExZTYtOGY4OC0zNDM2M2JjN2M0YzAiOnsiY3JlYXRlIjozNjAwMDAwMDAwMDAwLCJkZWxldGUiOjM2MDAwMDAwMDAwMDAsInJlYWQiOjMwMDAwMDAwMDAwMCwidXBkYXRlIjozNjAwMDAwMDAwMDAwfX0="
        }
      ]
    },
    {
      "mode": "managed",
      "type": "azurerm_service_plan",
      "name": "example",
      "provider": "provider[\"registry.terraform.io/hashicorp/azurerm\"]",
      "instances": [
        {
          "schema_version": 0,
          "attributes": {
            "app_service_environment_id": "",
            "id": "/subscriptions/f35d5f92-e987-44cf-b0ab-62b6c2f46094/resourceGroups/rgsmstst20/providers/Microsoft.Web/serverfarms/123-sp",
            "kind": "functionapp",
            "location": "westeurope",
            "maximum_elastic_worker_count": 1,
            "name": "123-sp",
            "os_type": "Linux",
            "per_site_scaling_enabled": false,
            "reserved": true,
            "resource_group_name": "rgsmstst20",
            "sku_name": "Y1",
            "tags": {},
            "timeouts": null,
            "worker_count": 0,
            "zone_balancing_enabled": false
          },
          "sensitive_attributes": [],
          "private": "eyJlMmJmYjczMC1lY2FhLTExZTYtOGY4OC0zNDM2M2JjN2M0YzAiOnsiY3JlYXRlIjozNjAwMDAwMDAwMDAwLCJkZWxldGUiOjM2MDAwMDAwMDAwMDAsInJlYWQiOjMwMDAwMDAwMDAwMCwidXBkYXRlIjozNjAwMDAwMDAwMDAwfX0="
        }
      ]
    },
    {
      "mode": "managed",
      "type": "azurerm_static_site",
      "name": "example",
      "provider": "provider[\"registry.terraform.io/hashicorp/azurerm\"]",
      "instances": [
        {
          "schema_version": 0,
          "attributes": {
            "api_key": "8ff1937931193c976dd68a5759927fd06b894e8b12c2b24f1daab970d3e58a052-ccfb8034-7aa2-4a63-83af-0c8296e8644f003170223",
            "default_host_name": "white-sand-0ad639a03.2.azurestaticapps.net",
            "id": "/subscriptions/f35d5f92-e987-44cf-b0ab-62b6c2f46094/resourceGroups/rgsmstst20/providers/Microsoft.Web/staticSites/123-SWA",
            "identity": [],
            "location": "westeurope",
            "name": "123-SWA",
            "resource_group_name": "rgsmstst20",
            "sku_size": "Free",
            "sku_tier": "Free",
            "tags": null,
            "timeouts": null
          },
          "sensitive_attributes": [],
          "private": "eyJlMmJmYjczMC1lY2FhLTExZTYtOGY4OC0zNDM2M2JjN2M0YzAiOnsiY3JlYXRlIjoxODAwMDAwMDAwMDAwLCJkZWxldGUiOjE4MDAwMDAwMDAwMDAsInJlYWQiOjMwMDAwMDAwMDAwMCwidXBkYXRlIjoxODAwMDAwMDAwMDAwfX0="
        }
      ]
    },
    {
      "mode": "managed",
      "type": "azurerm_storage_account",
      "name": "example",
      "provider": "provider[\"registry.terraform.io/hashicorp/azurerm\"]",
      "instances": [
        {
          "schema_version": 3,
          "attributes": {
            "access_tier": "Hot",
            "account_kind": "StorageV2",
            "account_replication_type": "LRS",
            "account_tier": "Standard",
            "allow_nested_items_to_be_public": true,
            "azure_files_authentication": [],
            "blob_properties": [
              {
                "change_feed_enabled": false,
                "change_feed_retention_in_days": 0,
                "container_delete_retention_policy": [],
                "cors_rule": [],
                "default_service_version": "",
                "delete_retention_policy": [],
                "last_access_time_enabled": false,
                "restore_policy": [],
                "versioning_enabled": false
              }
            ],
            "cross_tenant_replication_enabled": true,
            "custom_domain": [],
            "customer_managed_key": [],
            "default_to_oauth_authentication": false,
            "edge_zone": "",
            "enable_https_traffic_only": true,
            "id": "/subscriptions/f35d5f92-e987-44cf-b0ab-62b6c2f46094/resourceGroups/rgsmstst20/providers/Microsoft.Storage/storageAccounts/123storageacct",
            "identity": [],
            "immutability_policy": [],
            "infrastructure_encryption_enabled": false,
            "is_hns_enabled": false,
            "large_file_share_enabled": null,
            "location": "westeurope",
            "min_tls_version": "TLS1_2",
            "name": "123storageacct",
            "network_rules": [
              {
                "bypass": [
                  "AzureServices"
                ],
                "default_action": "Allow",
                "ip_rules": [],
                "private_link_access": [],
                "virtual_network_subnet_ids": []
              }
            ],
            "nfsv3_enabled": false,
            "primary_access_key": "FLn5VANjtAfjNzqRL//DjLPfO6v8iSOzwZ7hIt9yGsuKrxYdwjk04OqOSjFotIBw4qsY8htNksbd+AStO4rUgg==",
            "primary_blob_connection_string": "DefaultEndpointsProtocol=https;BlobEndpoint=https://123storageacct.blob.core.windows.net/;AccountName=123storageacct;AccountKey=FLn5VANjtAfjNzqRL//DjLPfO6v8iSOzwZ7hIt9yGsuKrxYdwjk04OqOSjFotIBw4qsY8htNksbd+AStO4rUgg==",
            "primary_blob_endpoint": "https://123storageacct.blob.core.windows.net/",
            "primary_blob_host": "123storageacct.blob.core.windows.net",
            "primary_connection_string": "DefaultEndpointsProtocol=https;AccountName=123storageacct;AccountKey=FLn5VANjtAfjNzqRL//DjLPfO6v8iSOzwZ7hIt9yGsuKrxYdwjk04OqOSjFotIBw4qsY8htNksbd+AStO4rUgg==;EndpointSuffix=core.windows.net",
            "primary_dfs_endpoint": "https://123storageacct.dfs.core.windows.net/",
            "primary_dfs_host": "123storageacct.dfs.core.windows.net",
            "primary_file_endpoint": "https://123storageacct.file.core.windows.net/",
            "primary_file_host": "123storageacct.file.core.windows.net",
            "primary_location": "westeurope",
            "primary_queue_endpoint": "https://123storageacct.queue.core.windows.net/",
            "primary_queue_host": "123storageacct.queue.core.windows.net",
            "primary_table_endpoint": "https://123storageacct.table.core.windows.net/",
            "primary_table_host": "123storageacct.table.core.windows.net",
            "primary_web_endpoint": "https://123storageacct.z6.web.core.windows.net/",
            "primary_web_host": "123storageacct.z6.web.core.windows.net",
            "public_network_access_enabled": true,
            "queue_encryption_key_type": "Service",
            "queue_properties": [
              {
                "cors_rule": [],
                "hour_metrics": [
                  {
                    "enabled": true,
                    "include_apis": true,
                    "retention_policy_days": 7,
                    "version": "1.0"
                  }
                ],
                "logging": [
                  {
                    "delete": false,
                    "read": false,
                    "retention_policy_days": 0,
                    "version": "1.0",
                    "write": false
                  }
                ],
                "minute_metrics": [
                  {
                    "enabled": false,
                    "include_apis": false,
                    "retention_policy_days": 0,
                    "version": "1.0"
                  }
                ]
              }
            ],
            "resource_group_name": "rgsmstst20",
            "routing": [],
            "sas_policy": [],
            "secondary_access_key": "AMIj0b7+FQo1UxLiMs1f66pTC+bM0HOCLPzikGBAVNydmCRLqrqVInF183Nf2Gxa7Y3XzdGj/1rI+AStbVETuQ==",
            "secondary_blob_connection_string": "",
            "secondary_blob_endpoint": null,
            "secondary_blob_host": null,
            "secondary_connection_string": "DefaultEndpointsProtocol=https;AccountName=123storageacct;AccountKey=AMIj0b7+FQo1UxLiMs1f66pTC+bM0HOCLPzikGBAVNydmCRLqrqVInF183Nf2Gxa7Y3XzdGj/1rI+AStbVETuQ==;EndpointSuffix=core.windows.net",
            "secondary_dfs_endpoint": null,
            "secondary_dfs_host": null,
            "secondary_file_endpoint": null,
            "secondary_file_host": null,
            "secondary_location": "",
            "secondary_queue_endpoint": null,
            "secondary_queue_host": null,
            "secondary_table_endpoint": null,
            "secondary_table_host": null,
            "secondary_web_endpoint": null,
            "secondary_web_host": null,
            "sftp_enabled": false,
            "share_properties": [
              {
                "cors_rule": [],
                "retention_policy": [
                  {
                    "days": 7
                  }
                ],
                "smb": []
              }
            ],
            "shared_access_key_enabled": true,
            "static_website": [],
            "table_encryption_key_type": "Service",
            "tags": {},
            "timeouts": null
          },
          "sensitive_attributes": [],
          "private": "eyJlMmJmYjczMC1lY2FhLTExZTYtOGY4OC0zNDM2M2JjN2M0YzAiOnsiY3JlYXRlIjozNjAwMDAwMDAwMDAwLCJkZWxldGUiOjM2MDAwMDAwMDAwMDAsInJlYWQiOjMwMDAwMDAwMDAwMCwidXBkYXRlIjozNjAwMDAwMDAwMDAwfSwic2NoZW1hX3ZlcnNpb24iOiIzIn0="
        }
      ]
    }
  ],
  "check_results": null
}
